// !$*UTF8*$!
{
	archiveVersion = 1;
	classes = {
	};
	objectVersion = 46;
	objects = {

/* Begin PBXBuildFile section */
		65A869CE1E678C7500DD2379 /* AppDelegate.swift in Sources */ = {isa = PBXBuildFile; fileRef = 65A869CD1E678C7500DD2379 /* AppDelegate.swift */; };
		65A869D01E678C7500DD2379 /* ViewController.swift in Sources */ = {isa = PBXBuildFile; fileRef = 65A869CF1E678C7500DD2379 /* ViewController.swift */; };
		65A869D31E678C7500DD2379 /* Main.storyboard in Resources */ = {isa = PBXBuildFile; fileRef = 65A869D11E678C7500DD2379 /* Main.storyboard */; };
		65A869D61E678C7500DD2379 /* Mentor_Me.xcdatamodeld in Sources */ = {isa = PBXBuildFile; fileRef = 65A869D41E678C7500DD2379 /* Mentor_Me.xcdatamodeld */; };
		65A869D81E678C7500DD2379 /* Assets.xcassets in Resources */ = {isa = PBXBuildFile; fileRef = 65A869D71E678C7500DD2379 /* Assets.xcassets */; };
		65A869DB1E678C7500DD2379 /* LaunchScreen.storyboard in Resources */ = {isa = PBXBuildFile; fileRef = 65A869D91E678C7500DD2379 /* LaunchScreen.storyboard */; };
		65A869E61E678C7500DD2379 /* Mentor_MeTests.swift in Sources */ = {isa = PBXBuildFile; fileRef = 65A869E51E678C7500DD2379 /* Mentor_MeTests.swift */; };
		65A869F11E678C7500DD2379 /* Mentor_MeUITests.swift in Sources */ = {isa = PBXBuildFile; fileRef = 65A869F01E678C7500DD2379 /* Mentor_MeUITests.swift */; };
		ACB454EA1E8C461600736F25 /* SettingsViewController.swift in Sources */ = {isa = PBXBuildFile; fileRef = ACB454E91E8C461600736F25 /* SettingsViewController.swift */; };
		ACBA6FB91E8451AA00F5CA02 /* MainHomePageViewController.swift in Sources */ = {isa = PBXBuildFile; fileRef = ACBA6FB71E8451AA00F5CA02 /* MainHomePageViewController.swift */; };
		ACBA6FBC1E8451DC00F5CA02 /* RegisterViewController.swift in Sources */ = {isa = PBXBuildFile; fileRef = ACBA6FBB1E8451DC00F5CA02 /* RegisterViewController.swift */; };
		ACBA6FBE1E8451F600F5CA02 /* LoginViewController.swift in Sources */ = {isa = PBXBuildFile; fileRef = ACBA6FBD1E8451F600F5CA02 /* LoginViewController.swift */; };
		ACBA6FC01E84521500F5CA02 /* WWYLTDViewController.swift in Sources */ = {isa = PBXBuildFile; fileRef = ACBA6FBF1E84521500F5CA02 /* WWYLTDViewController.swift */; };
		ACBA6FC21E84523900F5CA02 /* EditMentorProfileViewController.swift in Sources */ = {isa = PBXBuildFile; fileRef = ACBA6FC11E84523900F5CA02 /* EditMentorProfileViewController.swift */; };
		ACBA6FC41E84526200F5CA02 /* MentorHomeViewController.swift in Sources */ = {isa = PBXBuildFile; fileRef = ACBA6FC31E84526200F5CA02 /* MentorHomeViewController.swift */; };
		ACBA6FC81E84529400F5CA02 /* EditMenteeProfileViewController.swift in Sources */ = {isa = PBXBuildFile; fileRef = ACBA6FC71E84529400F5CA02 /* EditMenteeProfileViewController.swift */; };
/* End PBXBuildFile section */

/* Begin PBXContainerItemProxy section */
		65A869E21E678C7500DD2379 /* PBXContainerItemProxy */ = {
			isa = PBXContainerItemProxy;
			containerPortal = 65A869C21E678C7500DD2379 /* Project object */;
			proxyType = 1;
			remoteGlobalIDString = 65A869C91E678C7500DD2379;
			remoteInfo = "Mentor Me";
		};
		65A869ED1E678C7500DD2379 /* PBXContainerItemProxy */ = {
			isa = PBXContainerItemProxy;
			containerPortal = 65A869C21E678C7500DD2379 /* Project object */;
			proxyType = 1;
			remoteGlobalIDString = 65A869C91E678C7500DD2379;
			remoteInfo = "Mentor Me";
		};
/* End PBXContainerItemProxy section */

/* Begin PBXFileReference section */
		65A869CA1E678C7500DD2379 /* Mentor Me.app */ = {isa = PBXFileReference; explicitFileType = wrapper.application; includeInIndex = 0; path = "Mentor Me.app"; sourceTree = BUILT_PRODUCTS_DIR; };
		65A869CD1E678C7500DD2379 /* AppDelegate.swift */ = {isa = PBXFileReference; lastKnownFileType = sourcecode.swift; path = AppDelegate.swift; sourceTree = "<group>"; };
		65A869CF1E678C7500DD2379 /* ViewController.swift */ = {isa = PBXFileReference; lastKnownFileType = sourcecode.swift; path = ViewController.swift; sourceTree = "<group>"; };
		65A869D21E678C7500DD2379 /* Base */ = {isa = PBXFileReference; lastKnownFileType = file.storyboard; name = Base; path = Base.lproj/Main.storyboard; sourceTree = "<group>"; };
		65A869D51E678C7500DD2379 /* Mentor_Me.xcdatamodel */ = {isa = PBXFileReference; lastKnownFileType = wrapper.xcdatamodel; path = Mentor_Me.xcdatamodel; sourceTree = "<group>"; };
		65A869D71E678C7500DD2379 /* Assets.xcassets */ = {isa = PBXFileReference; lastKnownFileType = folder.assetcatalog; path = Assets.xcassets; sourceTree = "<group>"; };
		65A869DA1E678C7500DD2379 /* Base */ = {isa = PBXFileReference; lastKnownFileType = file.storyboard; name = Base; path = Base.lproj/LaunchScreen.storyboard; sourceTree = "<group>"; };
		65A869DC1E678C7500DD2379 /* Info.plist */ = {isa = PBXFileReference; lastKnownFileType = text.plist.xml; path = Info.plist; sourceTree = "<group>"; };
		65A869E11E678C7500DD2379 /* Mentor MeTests.xctest */ = {isa = PBXFileReference; explicitFileType = wrapper.cfbundle; includeInIndex = 0; path = "Mentor MeTests.xctest"; sourceTree = BUILT_PRODUCTS_DIR; };
		65A869E51E678C7500DD2379 /* Mentor_MeTests.swift */ = {isa = PBXFileReference; lastKnownFileType = sourcecode.swift; path = Mentor_MeTests.swift; sourceTree = "<group>"; };
		65A869E71E678C7500DD2379 /* Info.plist */ = {isa = PBXFileReference; lastKnownFileType = text.plist.xml; path = Info.plist; sourceTree = "<group>"; };
		65A869EC1E678C7500DD2379 /* Mentor MeUITests.xctest */ = {isa = PBXFileReference; explicitFileType = wrapper.cfbundle; includeInIndex = 0; path = "Mentor MeUITests.xctest"; sourceTree = BUILT_PRODUCTS_DIR; };
		65A869F01E678C7500DD2379 /* Mentor_MeUITests.swift */ = {isa = PBXFileReference; lastKnownFileType = sourcecode.swift; path = Mentor_MeUITests.swift; sourceTree = "<group>"; };
		65A869F21E678C7500DD2379 /* Info.plist */ = {isa = PBXFileReference; lastKnownFileType = text.plist.xml; path = Info.plist; sourceTree = "<group>"; };
		ACB454E91E8C461600736F25 /* SettingsViewController.swift */ = {isa = PBXFileReference; fileEncoding = 4; lastKnownFileType = sourcecode.swift; path = SettingsViewController.swift; sourceTree = "<group>"; };
		ACBA6FB71E8451AA00F5CA02 /* MainHomePageViewController.swift */ = {isa = PBXFileReference; fileEncoding = 4; lastKnownFileType = sourcecode.swift; path = MainHomePageViewController.swift; sourceTree = "<group>"; };
		ACBA6FBB1E8451DC00F5CA02 /* RegisterViewController.swift */ = {isa = PBXFileReference; fileEncoding = 4; lastKnownFileType = sourcecode.swift; path = RegisterViewController.swift; sourceTree = "<group>"; };
		ACBA6FBD1E8451F600F5CA02 /* LoginViewController.swift */ = {isa = PBXFileReference; fileEncoding = 4; lastKnownFileType = sourcecode.swift; path = LoginViewController.swift; sourceTree = "<group>"; };
		ACBA6FBF1E84521500F5CA02 /* WWYLTDViewController.swift */ = {isa = PBXFileReference; fileEncoding = 4; lastKnownFileType = sourcecode.swift; path = WWYLTDViewController.swift; sourceTree = "<group>"; };
		ACBA6FC11E84523900F5CA02 /* EditMentorProfileViewController.swift */ = {isa = PBXFileReference; fileEncoding = 4; lastKnownFileType = sourcecode.swift; path = EditMentorProfileViewController.swift; sourceTree = "<group>"; };
		ACBA6FC31E84526200F5CA02 /* MentorHomeViewController.swift */ = {isa = PBXFileReference; fileEncoding = 4; lastKnownFileType = sourcecode.swift; path = MentorHomeViewController.swift; sourceTree = "<group>"; };
		ACBA6FC71E84529400F5CA02 /* EditMenteeProfileViewController.swift */ = {isa = PBXFileReference; fileEncoding = 4; lastKnownFileType = sourcecode.swift; path = EditMenteeProfileViewController.swift; sourceTree = "<group>"; };
/* End PBXFileReference section */

/* Begin PBXFrameworksBuildPhase section */
		65A869C71E678C7500DD2379 /* Frameworks */ = {
			isa = PBXFrameworksBuildPhase;
			buildActionMask = 2147483647;
			files = (
			);
			runOnlyForDeploymentPostprocessing = 0;
		};
		65A869DE1E678C7500DD2379 /* Frameworks */ = {
			isa = PBXFrameworksBuildPhase;
			buildActionMask = 2147483647;
			files = (
			);
			runOnlyForDeploymentPostprocessing = 0;
		};
		65A869E91E678C7500DD2379 /* Frameworks */ = {
			isa = PBXFrameworksBuildPhase;
			buildActionMask = 2147483647;
			files = (
			);
			runOnlyForDeploymentPostprocessing = 0;
		};
/* End PBXFrameworksBuildPhase section */

/* Begin PBXGroup section */
		65A869C11E678C7500DD2379 = {
			isa = PBXGroup;
			children = (
				65A869CC1E678C7500DD2379 /* Mentor Me */,
				65A869E41E678C7500DD2379 /* Mentor MeTests */,
				65A869EF1E678C7500DD2379 /* Mentor MeUITests */,
				65A869CB1E678C7500DD2379 /* Products */,
			);
			sourceTree = "<group>";
		};
		65A869CB1E678C7500DD2379 /* Products */ = {
			isa = PBXGroup;
			children = (
				65A869CA1E678C7500DD2379 /* Mentor Me.app */,
				65A869E11E678C7500DD2379 /* Mentor MeTests.xctest */,
				65A869EC1E678C7500DD2379 /* Mentor MeUITests.xctest */,
			);
			name = Products;
			sourceTree = "<group>";
		};
		65A869CC1E678C7500DD2379 /* Mentor Me */ = {
			isa = PBXGroup;
			children = (
				65A869CD1E678C7500DD2379 /* AppDelegate.swift */,
				65A869CF1E678C7500DD2379 /* ViewController.swift */,
				65A869D11E678C7500DD2379 /* Main.storyboard */,
				ACBA6FC71E84529400F5CA02 /* EditMenteeProfileViewController.swift */,
				ACB454E91E8C461600736F25 /* SettingsViewController.swift */,
				ACBA6FC31E84526200F5CA02 /* MentorHomeViewController.swift */,
				ACBA6FC11E84523900F5CA02 /* EditMentorProfileViewController.swift */,
				ACBA6FBF1E84521500F5CA02 /* WWYLTDViewController.swift */,
				ACBA6FBD1E8451F600F5CA02 /* LoginViewController.swift */,
				ACBA6FBB1E8451DC00F5CA02 /* RegisterViewController.swift */,
				ACBA6FB71E8451AA00F5CA02 /* MainHomePageViewController.swift */,
				65A869D71E678C7500DD2379 /* Assets.xcassets */,
				65A869D91E678C7500DD2379 /* LaunchScreen.storyboard */,
				65A869DC1E678C7500DD2379 /* Info.plist */,
				65A869D41E678C7500DD2379 /* Mentor_Me.xcdatamodeld */,
			);
			path = "Mentor Me";
			sourceTree = "<group>";
		};
		65A869E41E678C7500DD2379 /* Mentor MeTests */ = {
			isa = PBXGroup;
			children = (
				65A869E51E678C7500DD2379 /* Mentor_MeTests.swift */,
				65A869E71E678C7500DD2379 /* Info.plist */,
			);
			path = "Mentor MeTests";
			sourceTree = "<group>";
		};
		65A869EF1E678C7500DD2379 /* Mentor MeUITests */ = {
			isa = PBXGroup;
			children = (
				65A869F01E678C7500DD2379 /* Mentor_MeUITests.swift */,
				65A869F21E678C7500DD2379 /* Info.plist */,
			);
			path = "Mentor MeUITests";
			sourceTree = "<group>";
		};
/* End PBXGroup section */

/* Begin PBXNativeTarget section */
		65A869C91E678C7500DD2379 /* Mentor Me */ = {
			isa = PBXNativeTarget;
			buildConfigurationList = 65A869F51E678C7500DD2379 /* Build configuration list for PBXNativeTarget "Mentor Me" */;
			buildPhases = (
				65A869C61E678C7500DD2379 /* Sources */,
				65A869C71E678C7500DD2379 /* Frameworks */,
				65A869C81E678C7500DD2379 /* Resources */,
			);
			buildRules = (
			);
			dependencies = (
			);
			name = "Mentor Me";
			productName = "Mentor Me";
			productReference = 65A869CA1E678C7500DD2379 /* Mentor Me.app */;
			productType = "com.apple.product-type.application";
		};
		65A869E01E678C7500DD2379 /* Mentor MeTests */ = {
			isa = PBXNativeTarget;
			buildConfigurationList = 65A869F81E678C7500DD2379 /* Build configuration list for PBXNativeTarget "Mentor MeTests" */;
			buildPhases = (
				65A869DD1E678C7500DD2379 /* Sources */,
				65A869DE1E678C7500DD2379 /* Frameworks */,
				65A869DF1E678C7500DD2379 /* Resources */,
			);
			buildRules = (
			);
			dependencies = (
				65A869E31E678C7500DD2379 /* PBXTargetDependency */,
			);
			name = "Mentor MeTests";
			productName = "Mentor MeTests";
			productReference = 65A869E11E678C7500DD2379 /* Mentor MeTests.xctest */;
			productType = "com.apple.product-type.bundle.unit-test";
		};
		65A869EB1E678C7500DD2379 /* Mentor MeUITests */ = {
			isa = PBXNativeTarget;
			buildConfigurationList = 65A869FB1E678C7500DD2379 /* Build configuration list for PBXNativeTarget "Mentor MeUITests" */;
			buildPhases = (
				65A869E81E678C7500DD2379 /* Sources */,
				65A869E91E678C7500DD2379 /* Frameworks */,
				65A869EA1E678C7500DD2379 /* Resources */,
			);
			buildRules = (
			);
			dependencies = (
				65A869EE1E678C7500DD2379 /* PBXTargetDependency */,
			);
			name = "Mentor MeUITests";
			productName = "Mentor MeUITests";
			productReference = 65A869EC1E678C7500DD2379 /* Mentor MeUITests.xctest */;
			productType = "com.apple.product-type.bundle.ui-testing";
		};
/* End PBXNativeTarget section */

/* Begin PBXProject section */
		65A869C21E678C7500DD2379 /* Project object */ = {
			isa = PBXProject;
			attributes = {
				LastSwiftUpdateCheck = 0820;
				LastUpgradeCheck = 0820;
				ORGANIZATIONNAME = "Prarthana Neotia";
				TargetAttributes = {
					65A869C91E678C7500DD2379 = {
						CreatedOnToolsVersion = 8.2.1;
						ProvisioningStyle = Automatic;
					};
					65A869E01E678C7500DD2379 = {
						CreatedOnToolsVersion = 8.2.1;
						ProvisioningStyle = Automatic;
						TestTargetID = 65A869C91E678C7500DD2379;
					};
					65A869EB1E678C7500DD2379 = {
						CreatedOnToolsVersion = 8.2.1;
						ProvisioningStyle = Automatic;
						TestTargetID = 65A869C91E678C7500DD2379;
					};
				};
			};
			buildConfigurationList = 65A869C51E678C7500DD2379 /* Build configuration list for PBXProject "Mentor Me" */;
			compatibilityVersion = "Xcode 3.2";
			developmentRegion = English;
			hasScannedForEncodings = 0;
			knownRegions = (
				en,
				Base,
			);
			mainGroup = 65A869C11E678C7500DD2379;
			productRefGroup = 65A869CB1E678C7500DD2379 /* Products */;
			projectDirPath = "";
			projectRoot = "";
			targets = (
				65A869C91E678C7500DD2379 /* Mentor Me */,
				65A869E01E678C7500DD2379 /* Mentor MeTests */,
				65A869EB1E678C7500DD2379 /* Mentor MeUITests */,
			);
		};
/* End PBXProject section */

/* Begin PBXResourcesBuildPhase section */
		65A869C81E678C7500DD2379 /* Resources */ = {
			isa = PBXResourcesBuildPhase;
			buildActionMask = 2147483647;
			files = (
				65A869DB1E678C7500DD2379 /* LaunchScreen.storyboard in Resources */,
				65A869D81E678C7500DD2379 /* Assets.xcassets in Resources */,
				65A869D31E678C7500DD2379 /* Main.storyboard in Resources */,
			);
			runOnlyForDeploymentPostprocessing = 0;
		};
		65A869DF1E678C7500DD2379 /* Resources */ = {
			isa = PBXResourcesBuildPhase;
			buildActionMask = 2147483647;
			files = (
			);
			runOnlyForDeploymentPostprocessing = 0;
		};
		65A869EA1E678C7500DD2379 /* Resources */ = {
			isa = PBXResourcesBuildPhase;
			buildActionMask = 2147483647;
			files = (
			);
			runOnlyForDeploymentPostprocessing = 0;
		};
/* End PBXResourcesBuildPhase section */

/* Begin PBXSourcesBuildPhase section */
		65A869C61E678C7500DD2379 /* Sources */ = {
			isa = PBXSourcesBuildPhase;
			buildActionMask = 2147483647;
			files = (
				ACBA6FC41E84526200F5CA02 /* MentorHomeViewController.swift in Sources */,
				ACBA6FBE1E8451F600F5CA02 /* LoginViewController.swift in Sources */,
				ACBA6FC01E84521500F5CA02 /* WWYLTDViewController.swift in Sources */,
				65A869D61E678C7500DD2379 /* Mentor_Me.xcdatamodeld in Sources */,
				ACBA6FC21E84523900F5CA02 /* EditMentorProfileViewController.swift in Sources */,
				ACBA6FC81E84529400F5CA02 /* EditMenteeProfileViewController.swift in Sources */,
				ACBA6FBC1E8451DC00F5CA02 /* RegisterViewController.swift in Sources */,
				65A869D01E678C7500DD2379 /* ViewController.swift in Sources */,
				ACBA6FB91E8451AA00F5CA02 /* MainHomePageViewController.swift in Sources */,
				65A869CE1E678C7500DD2379 /* AppDelegate.swift in Sources */,
				ACB454EA1E8C461600736F25 /* SettingsViewController.swift in Sources */,
			);
			runOnlyForDeploymentPostprocessing = 0;
		};
		65A869DD1E678C7500DD2379 /* Sources */ = {
			isa = PBXSourcesBuildPhase;
			buildActionMask = 2147483647;
			files = (
				65A869E61E678C7500DD2379 /* Mentor_MeTests.swift in Sources */,
			);
			runOnlyForDeploymentPostprocessing = 0;
		};
		65A869E81E678C7500DD2379 /* Sources */ = {
			isa = PBXSourcesBuildPhase;
			buildActionMask = 2147483647;
			files = (
				65A869F11E678C7500DD2379 /* Mentor_MeUITests.swift in Sources */,
			);
			runOnlyForDeploymentPostprocessing = 0;
		};
/* End PBXSourcesBuildPhase section */

/* Begin PBXTargetDependency section */
		65A869E31E678C7500DD2379 /* PBXTargetDependency */ = {
			isa = PBXTargetDependency;
			target = 65A869C91E678C7500DD2379 /* Mentor Me */;
			targetProxy = 65A869E21E678C7500DD2379 /* PBXContainerItemProxy */;
		};
		65A869EE1E678C7500DD2379 /* PBXTargetDependency */ = {
			isa = PBXTargetDependency;
			target = 65A869C91E678C7500DD2379 /* Mentor Me */;
			targetProxy = 65A869ED1E678C7500DD2379 /* PBXContainerItemProxy */;
		};
/* End PBXTargetDependency section */

/* Begin PBXVariantGroup section */
		65A869D11E678C7500DD2379 /* Main.storyboard */ = {
			isa = PBXVariantGroup;
			children = (
				65A869D21E678C7500DD2379 /* Base */,
			);
			name = Main.storyboard;
			sourceTree = "<group>";
		};
		65A869D91E678C7500DD2379 /* LaunchScreen.storyboard */ = {
			isa = PBXVariantGroup;
			children = (
				65A869DA1E678C7500DD2379 /* Base */,
			);
			name = LaunchScreen.storyboard;
			sourceTree = "<group>";
		};
/* End PBXVariantGroup section */

/* Begin XCBuildConfiguration section */
		65A869F31E678C7500DD2379 /* Debug */ = {
			isa = XCBuildConfiguration;
			buildSettings = {
				ALWAYS_SEARCH_USER_PATHS = NO;
				CLANG_ANALYZER_NONNULL = YES;
				CLANG_CXX_LANGUAGE_STANDARD = "gnu++0x";
				CLANG_CXX_LIBRARY = "libc++";
				CLANG_ENABLE_MODULES = YES;
				CLANG_ENABLE_OBJC_ARC = YES;
				CLANG_WARN_BOOL_CONVERSION = YES;
				CLANG_WARN_CONSTANT_CONVERSION = YES;
				CLANG_WARN_DIRECT_OBJC_ISA_USAGE = YES_ERROR;
				CLANG_WARN_DOCUMENTATION_COMMENTS = YES;
				CLANG_WARN_EMPTY_BODY = YES;
				CLANG_WARN_ENUM_CONVERSION = YES;
				CLANG_WARN_INFINITE_RECURSION = YES;
				CLANG_WARN_INT_CONVERSION = YES;
				CLANG_WARN_OBJC_ROOT_CLASS = YES_ERROR;
				CLANG_WARN_SUSPICIOUS_MOVE = YES;
				CLANG_WARN_UNREACHABLE_CODE = YES;
				CLANG_WARN__DUPLICATE_METHOD_MATCH = YES;
				"CODE_SIGN_IDENTITY[sdk=iphoneos*]" = "iPhone Developer";
				COPY_PHASE_STRIP = NO;
				DEBUG_INFORMATION_FORMAT = dwarf;
				ENABLE_STRICT_OBJC_MSGSEND = YES;
				ENABLE_TESTABILITY = YES;
				GCC_C_LANGUAGE_STANDARD = gnu99;
				GCC_DYNAMIC_NO_PIC = NO;
				GCC_NO_COMMON_BLOCKS = YES;
				GCC_OPTIMIZATION_LEVEL = 0;
				GCC_PREPROCESSOR_DEFINITIONS = (
					"DEBUG=1",
					"$(inherited)",
				);
				GCC_WARN_64_TO_32_BIT_CONVERSION = YES;
				GCC_WARN_ABOUT_RETURN_TYPE = YES_ERROR;
				GCC_WARN_UNDECLARED_SELECTOR = YES;
				GCC_WARN_UNINITIALIZED_AUTOS = YES_AGGRESSIVE;
				GCC_WARN_UNUSED_FUNCTION = YES;
				GCC_WARN_UNUSED_VARIABLE = YES;
				IPHONEOS_DEPLOYMENT_TARGET = 10.2;
				MTL_ENABLE_DEBUG_INFO = YES;
				ONLY_ACTIVE_ARCH = YES;
				SDKROOT = iphoneos;
				SWIFT_ACTIVE_COMPILATION_CONDITIONS = DEBUG;
				SWIFT_OPTIMIZATION_LEVEL = "-Onone";
				TARGETED_DEVICE_FAMILY = "1,2";
			};
			name = Debug;
		};
		65A869F41E678C7500DD2379 /* Release */ = {
			isa = XCBuildConfiguration;
			buildSettings = {
				ALWAYS_SEARCH_USER_PATHS = NO;
				CLANG_ANALYZER_NONNULL = YES;
				CLANG_CXX_LANGUAGE_STANDARD = "gnu++0x";
				CLANG_CXX_LIBRARY = "libc++";
				CLANG_ENABLE_MODULES = YES;
				CLANG_ENABLE_OBJC_ARC = YES;
				CLANG_WARN_BOOL_CONVERSION = YES;
				CLANG_WARN_CONSTANT_CONVERSION = YES;
				CLANG_WARN_DIRECT_OBJC_ISA_USAGE = YES_ERROR;
				CLANG_WARN_DOCUMENTATION_COMMENTS = YES;
				CLANG_WARN_EMPTY_BODY = YES;
				CLANG_WARN_ENUM_CONVERSION = YES;
				CLANG_WARN_INFINITE_RECURSION = YES;
				CLANG_WARN_INT_CONVERSION = YES;
				CLANG_WARN_OBJC_ROOT_CLASS = YES_ERROR;
				CLANG_WARN_SUSPICIOUS_MOVE = YES;
				CLANG_WARN_UNREACHABLE_CODE = YES;
				CLANG_WARN__DUPLICATE_METHOD_MATCH = YES;
				"CODE_SIGN_IDENTITY[sdk=iphoneos*]" = "iPhone Developer";
				COPY_PHASE_STRIP = NO;
				DEBUG_INFORMATION_FORMAT = "dwarf-with-dsym";
				ENABLE_NS_ASSERTIONS = NO;
				ENABLE_STRICT_OBJC_MSGSEND = YES;
				GCC_C_LANGUAGE_STANDARD = gnu99;
				GCC_NO_COMMON_BLOCKS = YES;
				GCC_WARN_64_TO_32_BIT_CONVERSION = YES;
				GCC_WARN_ABOUT_RETURN_TYPE = YES_ERROR;
				GCC_WARN_UNDECLARED_SELECTOR = YES;
				GCC_WARN_UNINITIALIZED_AUTOS = YES_AGGRESSIVE;
				GCC_WARN_UNUSED_FUNCTION = YES;
				GCC_WARN_UNUSED_VARIABLE = YES;
				IPHONEOS_DEPLOYMENT_TARGET = 10.2;
				MTL_ENABLE_DEBUG_INFO = NO;
				SDKROOT = iphoneos;
				SWIFT_OPTIMIZATION_LEVEL = "-Owholemodule";
				TARGETED_DEVICE_FAMILY = "1,2";
				VALIDATE_PRODUCT = YES;
			};
			name = Release;
		};
		65A869F61E678C7500DD2379 /* Debug */ = {
			isa = XCBuildConfiguration;
			buildSettings = {
				ASSETCATALOG_COMPILER_APPICON_NAME = AppIcon;
				INFOPLIST_FILE = "Mentor Me/Info.plist";
				LD_RUNPATH_SEARCH_PATHS = "$(inherited) @executable_path/Frameworks";
				PRODUCT_BUNDLE_IDENTIFIER = "Mobile-Computing.Mentor-Me";
				PRODUCT_NAME = "$(TARGET_NAME)";
				SWIFT_VERSION = 3.0;
			};
			name = Debug;
		};
		65A869F71E678C7500DD2379 /* Release */ = {
			isa = XCBuildConfiguration;
			buildSettings = {
				ASSETCATALOG_COMPILER_APPICON_NAME = AppIcon;
				INFOPLIST_FILE = "Mentor Me/Info.plist";
				LD_RUNPATH_SEARCH_PATHS = "$(inherited) @executable_path/Frameworks";
				PRODUCT_BUNDLE_IDENTIFIER = "Mobile-Computing.Mentor-Me";
				PRODUCT_NAME = "$(TARGET_NAME)";
				SWIFT_VERSION = 3.0;
			};
			name = Release;
		};
		65A869F91E678C7500DD2379 /* Debug */ = {
			isa = XCBuildConfiguration;
			buildSettings = {
				ALWAYS_EMBED_SWIFT_STANDARD_LIBRARIES = YES;
				BUNDLE_LOADER = "$(TEST_HOST)";
				INFOPLIST_FILE = "Mentor MeTests/Info.plist";
				LD_RUNPATH_SEARCH_PATHS = "$(inherited) @executable_path/Frameworks @loader_path/Frameworks";
				PRODUCT_BUNDLE_IDENTIFIER = "Mobile-Computing.Mentor-MeTests";
				PRODUCT_NAME = "$(TARGET_NAME)";
				SWIFT_VERSION = 3.0;
				TEST_HOST = "$(BUILT_PRODUCTS_DIR)/Mentor Me.app/Mentor Me";
			};
			name = Debug;
		};
		65A869FA1E678C7500DD2379 /* Release */ = {
			isa = XCBuildConfiguration;
			buildSettings = {
				ALWAYS_EMBED_SWIFT_STANDARD_LIBRARIES = YES;
				BUNDLE_LOADER = "$(TEST_HOST)";
				INFOPLIST_FILE = "Mentor MeTests/Info.plist";
				LD_RUNPATH_SEARCH_PATHS = "$(inherited) @executable_path/Frameworks @loader_path/Frameworks";
				PRODUCT_BUNDLE_IDENTIFIER = "Mobile-Computing.Mentor-MeTests";
				PRODUCT_NAME = "$(TARGET_NAME)";
				SWIFT_VERSION = 3.0;
				TEST_HOST = "$(BUILT_PRODUCTS_DIR)/Mentor Me.app/Mentor Me";
			};
			name = Release;
		};
		65A869FC1E678C7500DD2379 /* Debug */ = {
			isa = XCBuildConfiguration;
			buildSettings = {
				ALWAYS_EMBED_SWIFT_STANDARD_LIBRARIES = YES;
				INFOPLIST_FILE = "Mentor MeUITests/Info.plist";
				LD_RUNPATH_SEARCH_PATHS = "$(inherited) @executable_path/Frameworks @loader_path/Frameworks";
				PRODUCT_BUNDLE_IDENTIFIER = "Mobile-Computing.Mentor-MeUITests";
				PRODUCT_NAME = "$(TARGET_NAME)";
				SWIFT_VERSION = 3.0;
				TEST_TARGET_NAME = "Mentor Me";
			};
			name = Debug;
		};
		65A869FD1E678C7500DD2379 /* Release */ = {
			isa = XCBuildConfiguration;
			buildSettings = {
				ALWAYS_EMBED_SWIFT_STANDARD_LIBRARIES = YES;
				INFOPLIST_FILE = "Mentor MeUITests/Info.plist";
				LD_RUNPATH_SEARCH_PATHS = "$(inherited) @executable_path/Frameworks @loader_path/Frameworks";
				PRODUCT_BUNDLE_IDENTIFIER = "Mobile-Computing.Mentor-MeUITests";
				PRODUCT_NAME = "$(TARGET_NAME)";
				SWIFT_VERSION = 3.0;
				TEST_TARGET_NAME = "Mentor Me";
			};
			name = Release;
		};
/* End XCBuildConfiguration section */

/* Begin XCConfigurationList section */
		65A869C51E678C7500DD2379 /* Build configuration list for PBXProject "Mentor Me" */ = {
			isa = XCConfigurationList;
			buildConfigurations = (
				65A869F31E678C7500DD2379 /* Debug */,
				65A869F41E678C7500DD2379 /* Release */,
			);
			defaultConfigurationIsVisible = 0;
			defaultConfigurationName = Release;
		};
		65A869F51E678C7500DD2379 /* Build configuration list for PBXNativeTarget "Mentor Me" */ = {
			isa = XCConfigurationList;
			buildConfigurations = (
				65A869F61E678C7500DD2379 /* Debug */,
				65A869F71E678C7500DD2379 /* Release */,
			);
			defaultConfigurationIsVisible = 0;
			defaultConfigurationName = Release;
		};
		65A869F81E678C7500DD2379 /* Build configuration list for PBXNativeTarget "Mentor MeTests" */ = {
			isa = XCConfigurationList;
			buildConfigurations = (
				65A869F91E678C7500DD2379 /* Debug */,
				65A869FA1E678C7500DD2379 /* Release */,
			);
			defaultConfigurationIsVisible = 0;
			defaultConfigurationName = Release;
		};
		65A869FB1E678C7500DD2379 /* Build configuration list for PBXNativeTarget "Mentor MeUITests" */ = {
			isa = XCConfigurationList;
			buildConfigurations = (
				65A869FC1E678C7500DD2379 /* Debug */,
				65A869FD1E678C7500DD2379 /* Release */,
			);
			defaultConfigurationIsVisible = 0;
			defaultConfigurationName = Release;
		};
/* End XCConfigurationList section */

/* Begin XCVersionGroup section */
		65A869D41E678C7500DD2379 /* Mentor_Me.xcdatamodeld */ = {
			isa = XCVersionGroup;
			children = (
				65A869D51E678C7500DD2379 /* Mentor_Me.xcdatamodel */,
			);
			currentVersion = 65A869D51E678C7500DD2379 /* Mentor_Me.xcdatamodel */;
			path = Mentor_Me.xcdatamodeld;
			sourceTree = "<group>";
			versionGroupType = wrapper.xcdatamodel;
		};
/* End XCVersionGroup section */
	};
	rootObject = 65A869C21E678C7500DD2379 /* Project object */;
}
